// !$*UTF8*$!
{
	archiveVersion = 1;
	classes = {
	};
	objectVersion = 56;
	objects = {

/* Begin PBXBuildFile section */
		D1203D3528FF875C004FE6CC /* AppDelegate.swift in Sources */ = {isa = PBXBuildFile; fileRef = D1203D3428FF875C004FE6CC /* AppDelegate.swift */; };
		D1203D3728FF875C004FE6CC /* SceneDelegate.swift in Sources */ = {isa = PBXBuildFile; fileRef = D1203D3628FF875C004FE6CC /* SceneDelegate.swift */; };
		D1203D3928FF875C004FE6CC /* ViewController.swift in Sources */ = {isa = PBXBuildFile; fileRef = D1203D3828FF875C004FE6CC /* ViewController.swift */; };
		D1203D3C28FF875C004FE6CC /* Main.storyboard in Resources */ = {isa = PBXBuildFile; fileRef = D1203D3A28FF875C004FE6CC /* Main.storyboard */; };
		D1203D3E28FF875E004FE6CC /* Assets.xcassets in Resources */ = {isa = PBXBuildFile; fileRef = D1203D3D28FF875E004FE6CC /* Assets.xcassets */; };
		D1203D4128FF875E004FE6CC /* LaunchScreen.storyboard in Resources */ = {isa = PBXBuildFile; fileRef = D1203D3F28FF875E004FE6CC /* LaunchScreen.storyboard */; };
		D1203D4928FF8868004FE6CC /* Tela02VC.storyboard in Resources */ = {isa = PBXBuildFile; fileRef = D1203D4828FF8868004FE6CC /* Tela02VC.storyboard */; };
		D1203D4B28FF887B004FE6CC /* Tela02VC.swift in Sources */ = {isa = PBXBuildFile; fileRef = D1203D4A28FF887B004FE6CC /* Tela02VC.swift */; };
		D1203D4E28FF8D2B004FE6CC /* Pessoa.swift in Sources */ = {isa = PBXBuildFile; fileRef = D1203D4D28FF8D2B004FE6CC /* Pessoa.swift */; };
/* End PBXBuildFile section */

/* Begin PBXFileReference section */
		D1203D3128FF875C004FE6CC /* TransitarEntreTelasExercicio.app */ = {isa = PBXFileReference; explicitFileType = wrapper.application; includeInIndex = 0; path = TransitarEntreTelasExercicio.app; sourceTree = BUILT_PRODUCTS_DIR; };
		D1203D3428FF875C004FE6CC /* AppDelegate.swift */ = {isa = PBXFileReference; lastKnownFileType = sourcecode.swift; path = AppDelegate.swift; sourceTree = "<group>"; };
		D1203D3628FF875C004FE6CC /* SceneDelegate.swift */ = {isa = PBXFileReference; lastKnownFileType = sourcecode.swift; path = SceneDelegate.swift; sourceTree = "<group>"; };
		D1203D3828FF875C004FE6CC /* ViewController.swift */ = {isa = PBXFileReference; lastKnownFileType = sourcecode.swift; path = ViewController.swift; sourceTree = "<group>"; };
		D1203D3B28FF875C004FE6CC /* Base */ = {isa = PBXFileReference; lastKnownFileType = file.storyboard; name = Base; path = Base.lproj/Main.storyboard; sourceTree = "<group>"; };
		D1203D3D28FF875E004FE6CC /* Assets.xcassets */ = {isa = PBXFileReference; lastKnownFileType = folder.assetcatalog; path = Assets.xcassets; sourceTree = "<group>"; };
		D1203D4028FF875E004FE6CC /* Base */ = {isa = PBXFileReference; lastKnownFileType = file.storyboard; name = Base; path = Base.lproj/LaunchScreen.storyboard; sourceTree = "<group>"; };
		D1203D4228FF875E004FE6CC /* Info.plist */ = {isa = PBXFileReference; lastKnownFileType = text.plist.xml; path = Info.plist; sourceTree = "<group>"; };
		D1203D4828FF8868004FE6CC /* Tela02VC.storyboard */ = {isa = PBXFileReference; lastKnownFileType = file.storyboard; path = Tela02VC.storyboard; sourceTree = "<group>"; };
		D1203D4A28FF887B004FE6CC /* Tela02VC.swift */ = {isa = PBXFileReference; lastKnownFileType = sourcecode.swift; path = Tela02VC.swift; sourceTree = "<group>"; };
		D1203D4D28FF8D2B004FE6CC /* Pessoa.swift */ = {isa = PBXFileReference; lastKnownFileType = sourcecode.swift; path = Pessoa.swift; sourceTree = "<group>"; };
/* End PBXFileReference section */

/* Begin PBXFrameworksBuildPhase section */
		D1203D2E28FF875C004FE6CC /* Frameworks */ = {
			isa = PBXFrameworksBuildPhase;
			buildActionMask = 2147483647;
			files = (
			);
			runOnlyForDeploymentPostprocessing = 0;
		};
/* End PBXFrameworksBuildPhase section */

/* Begin PBXGroup section */
		D1203D2828FF875C004FE6CC = {
			isa = PBXGroup;
			children = (
				D1203D3328FF875C004FE6CC /* TransitarEntreTelasExercicio */,
				D1203D3228FF875C004FE6CC /* Products */,
			);
			sourceTree = "<group>";
		};
		D1203D3228FF875C004FE6CC /* Products */ = {
			isa = PBXGroup;
			children = (
				D1203D3128FF875C004FE6CC /* TransitarEntreTelasExercicio.app */,
			);
			name = Products;
			sourceTree = "<group>";
		};
		D1203D3328FF875C004FE6CC /* TransitarEntreTelasExercicio */ = {
			isa = PBXGroup;
			children = (
				D1203D4C28FF8D0B004FE6CC /* Model */,
				D1203D3428FF875C004FE6CC /* AppDelegate.swift */,
				D1203D3628FF875C004FE6CC /* SceneDelegate.swift */,
				D1203D3828FF875C004FE6CC /* ViewController.swift */,
				D1203D3A28FF875C004FE6CC /* Main.storyboard */,
				D1203D3D28FF875E004FE6CC /* Assets.xcassets */,
				D1203D3F28FF875E004FE6CC /* LaunchScreen.storyboard */,
				D1203D4228FF875E004FE6CC /* Info.plist */,
				D1203D4828FF8868004FE6CC /* Tela02VC.storyboard */,
				D1203D4A28FF887B004FE6CC /* Tela02VC.swift */,
			);
			path = TransitarEntreTelasExercicio;
			sourceTree = "<group>";
		};
		D1203D4C28FF8D0B004FE6CC /* Model */ = {
			isa = PBXGroup;
			children = (
				D1203D4D28FF8D2B004FE6CC /* Pessoa.swift */,
			);
			path = Model;
			sourceTree = "<group>";
		};
/* End PBXGroup section */

/* Begin PBXNativeTarget section */
		D1203D3028FF875C004FE6CC /* TransitarEntreTelasExercicio */ = {
			isa = PBXNativeTarget;
			buildConfigurationList = D1203D4528FF875E004FE6CC /* Build configuration list for PBXNativeTarget "TransitarEntreTelasExercicio" */;
			buildPhases = (
				D1203D2D28FF875C004FE6CC /* Sources */,
				D1203D2E28FF875C004FE6CC /* Frameworks */,
				D1203D2F28FF875C004FE6CC /* Resources */,
			);
			buildRules = (
			);
			dependencies = (
			);
			name = TransitarEntreTelasExercicio;
			productName = TransitarEntreTelasExercicio;
			productReference = D1203D3128FF875C004FE6CC /* TransitarEntreTelasExercicio.app */;
			productType = "com.apple.product-type.application";
		};
/* End PBXNativeTarget section */

/* Begin PBXProject section */
		D1203D2928FF875C004FE6CC /* Project object */ = {
			isa = PBXProject;
			attributes = {
				BuildIndependentTargetsInParallel = 1;
				LastSwiftUpdateCheck = 1400;
				LastUpgradeCheck = 1400;
				TargetAttributes = {
					D1203D3028FF875C004FE6CC = {
						CreatedOnToolsVersion = 14.0.1;
					};
				};
			};
			buildConfigurationList = D1203D2C28FF875C004FE6CC /* Build configuration list for PBXProject "TransitarEntreTelasExercicio" */;
			compatibilityVersion = "Xcode 14.0";
			developmentRegion = en;
			hasScannedForEncodings = 0;
			knownRegions = (
				en,
				Base,
			);
			mainGroup = D1203D2828FF875C004FE6CC;
			productRefGroup = D1203D3228FF875C004FE6CC /* Products */;
			projectDirPath = "";
			projectRoot = "";
			targets = (
				D1203D3028FF875C004FE6CC /* TransitarEntreTelasExercicio */,
			);
		};
/* End PBXProject section */

/* Begin PBXResourcesBuildPhase section */
		D1203D2F28FF875C004FE6CC /* Resources */ = {
			isa = PBXResourcesBuildPhase;
			buildActionMask = 2147483647;
			files = (
				D1203D4128FF875E004FE6CC /* LaunchScreen.storyboard in Resources */,
				D1203D3E28FF875E004FE6CC /* Assets.xcassets in Resources */,
				D1203D3C28FF875C004FE6CC /* Main.storyboard in Resources */,
				D1203D4928FF8868004FE6CC /* Tela02VC.storyboard in Resources */,
			);
			runOnlyForDeploymentPostprocessing = 0;
		};
/* End PBXResourcesBuildPhase section */

/* Begin PBXSourcesBuildPhase section */
		D1203D2D28FF875C004FE6CC /* Sources */ = {
			isa = PBXSourcesBuildPhase;
			buildActionMask = 2147483647;
			files = (
				D1203D4E28FF8D2B004FE6CC /* Pessoa.swift in Sources */,
				D1203D3928FF875C004FE6CC /* ViewController.swift in Sources */,
				D1203D3528FF875C004FE6CC /* AppDelegate.swift in Sources */,
				D1203D4B28FF887B004FE6CC /* Tela02VC.swift in Sources */,
				D1203D3728FF875C004FE6CC /* SceneDelegate.swift in Sources */,
			);
			runOnlyForDeploymentPostprocessing = 0;
		};
/* End PBXSourcesBuildPhase section */

/* Begin PBXVariantGroup section */
		D1203D3A28FF875C004FE6CC /* Main.storyboard */ = {
			isa = PBXVariantGroup;
			children = (
				D1203D3B28FF875C004FE6CC /* Base */,
			);
			name = Main.storyboard;
			sourceTree = "<group>";
		};
		D1203D3F28FF875E004FE6CC /* LaunchScreen.storyboard */ = {
			isa = PBXVariantGroup;
			children = (
				D1203D4028FF875E004FE6CC /* Base */,
			);
			name = LaunchScreen.storyboard;
			sourceTree = "<group>";
		};
/* End PBXVariantGroup section */

/* Begin XCBuildConfiguration section */
		D1203D4328FF875E004FE6CC /* Debug */ = {
			isa = XCBuildConfiguration;
			buildSettings = {
				ALWAYS_SEARCH_USER_PATHS = NO;
				CLANG_ANALYZER_NONNULL = YES;
				CLANG_ANALYZER_NUMBER_OBJECT_CONVERSION = YES_AGGRESSIVE;
				CLANG_CXX_LANGUAGE_STANDARD = "gnu++20";
				CLANG_ENABLE_MODULES = YES;
				CLANG_ENABLE_OBJC_ARC = YES;
				CLANG_ENABLE_OBJC_WEAK = YES;
				CLANG_WARN_BLOCK_CAPTURE_AUTORELEASING = YES;
				CLANG_WARN_BOOL_CONVERSION = YES;
				CLANG_WARN_COMMA = YES;
				CLANG_WARN_CONSTANT_CONVERSION = YES;
				CLANG_WARN_DEPRECATED_OBJC_IMPLEMENTATIONS = YES;
				CLANG_WARN_DIRECT_OBJC_ISA_USAGE = YES_ERROR;
				CLANG_WARN_DOCUMENTATION_COMMENTS = YES;
				CLANG_WARN_EMPTY_BODY = YES;
				CLANG_WARN_ENUM_CONVERSION = YES;
				CLANG_WARN_INFINITE_RECURSION = YES;
				CLANG_WARN_INT_CONVERSION = YES;
				CLANG_WARN_NON_LITERAL_NULL_CONVERSION = YES;
				CLANG_WARN_OBJC_IMPLICIT_RETAIN_SELF = YES;
				CLANG_WARN_OBJC_LITERAL_CONVERSION = YES;
				CLANG_WARN_OBJC_ROOT_CLASS = YES_ERROR;
				CLANG_WARN_QUOTED_INCLUDE_IN_FRAMEWORK_HEADER = YES;
				CLANG_WARN_RANGE_LOOP_ANALYSIS = YES;
				CLANG_WARN_STRICT_PROTOTYPES = YES;
				CLANG_WARN_SUSPICIOUS_MOVE = YES;
				CLANG_WARN_UNGUARDED_AVAILABILITY = YES_AGGRESSIVE;
				CLANG_WARN_UNREACHABLE_CODE = YES;
				CLANG_WARN__DUPLICATE_METHOD_MATCH = YES;
				COPY_PHASE_STRIP = NO;
				DEBUG_INFORMATION_FORMAT = dwarf;
				ENABLE_STRICT_OBJC_MSGSEND = YES;
				ENABLE_TESTABILITY = YES;
				GCC_C_LANGUAGE_STANDARD = gnu11;
				GCC_DYNAMIC_NO_PIC = NO;
				GCC_NO_COMMON_BLOCKS = YES;
				GCC_OPTIMIZATION_LEVEL = 0;
				GCC_PREPROCESSOR_DEFINITIONS = (
					"DEBUG=1",
					"$(inherited)",
				);
				GCC_WARN_64_TO_32_BIT_CONVERSION = YES;
				GCC_WARN_ABOUT_RETURN_TYPE = YES_ERROR;
				GCC_WARN_UNDECLARED_SELECTOR = YES;
				GCC_WARN_UNINITIALIZED_AUTOS = YES_AGGRESSIVE;
				GCC_WARN_UNUSED_FUNCTION = YES;
				GCC_WARN_UNUSED_VARIABLE = YES;
				IPHONEOS_DEPLOYMENT_TARGET = 16.0;
				MTL_ENABLE_DEBUG_INFO = INCLUDE_SOURCE;
				MTL_FAST_MATH = YES;
				ONLY_ACTIVE_ARCH = YES;
				SDKROOT = iphoneos;
				SWIFT_ACTIVE_COMPILATION_CONDITIONS = DEBUG;
				SWIFT_OPTIMIZATION_LEVEL = "-Onone";
			};
			name = Debug;
		};
		D1203D4428FF875E004FE6CC /* Release */ = {
			isa = XCBuildConfiguration;
			buildSettings = {
				ALWAYS_SEARCH_USER_PATHS = NO;
				CLANG_ANALYZER_NONNULL = YES;
				CLANG_ANALYZER_NUMBER_OBJECT_CONVERSION = YES_AGGRESSIVE;
				CLANG_CXX_LANGUAGE_STANDARD = "gnu++20";
				CLANG_ENABLE_MODULES = YES;
				CLANG_ENABLE_OBJC_ARC = YES;
				CLANG_ENABLE_OBJC_WEAK = YES;
				CLANG_WARN_BLOCK_CAPTURE_AUTORELEASING = YES;
				CLANG_WARN_BOOL_CONVERSION = YES;
				CLANG_WARN_COMMA = YES;
				CLANG_WARN_CONSTANT_CONVERSION = YES;
				CLANG_WARN_DEPRECATED_OBJC_IMPLEMENTATIONS = YES;
				CLANG_WARN_DIRECT_OBJC_ISA_USAGE = YES_ERROR;
				CLANG_WARN_DOCUMENTATION_COMMENTS = YES;
				CLANG_WARN_EMPTY_BODY = YES;
				CLANG_WARN_ENUM_CONVERSION = YES;
				CLANG_WARN_INFINITE_RECURSION = YES;
				CLANG_WARN_INT_CONVERSION = YES;
				CLANG_WARN_NON_LITERAL_NULL_CONVERSION = YES;
				CLANG_WARN_OBJC_IMPLICIT_RETAIN_SELF = YES;
				CLANG_WARN_OBJC_LITERAL_CONVERSION = YES;
				CLANG_WARN_OBJC_ROOT_CLASS = YES_ERROR;
				CLANG_WARN_QUOTED_INCLUDE_IN_FRAMEWORK_HEADER = YES;
				CLANG_WARN_RANGE_LOOP_ANALYSIS = YES;
				CLANG_WARN_STRICT_PROTOTYPES = YES;
				CLANG_WARN_SUSPICIOUS_MOVE = YES;
				CLANG_WARN_UNGUARDED_AVAILABILITY = YES_AGGRESSIVE;
				CLANG_WARN_UNREACHABLE_CODE = YES;
				CLANG_WARN__DUPLICATE_METHOD_MATCH = YES;
				COPY_PHASE_STRIP = NO;
				DEBUG_INFORMATION_FORMAT = "dwarf-with-dsym";
				ENABLE_NS_ASSERTIONS = NO;
				ENABLE_STRICT_OBJC_MSGSEND = YES;
				GCC_C_LANGUAGE_STANDARD = gnu11;
				GCC_NO_COMMON_BLOCKS = YES;
				GCC_WARN_64_TO_32_BIT_CONVERSION = YES;
				GCC_WARN_ABOUT_RETURN_TYPE = YES_ERROR;
				GCC_WARN_UNDECLARED_SELECTOR = YES;
				GCC_WARN_UNINITIALIZED_AUTOS = YES_AGGRESSIVE;
				GCC_WARN_UNUSED_FUNCTION = YES;
				GCC_WARN_UNUSED_VARIABLE = YES;
				IPHONEOS_DEPLOYMENT_TARGET = 16.0;
				MTL_ENABLE_DEBUG_INFO = NO;
				MTL_FAST_MATH = YES;
				SDKROOT = iphoneos;
				SWIFT_COMPILATION_MODE = wholemodule;
				SWIFT_OPTIMIZATION_LEVEL = "-O";
				VALIDATE_PRODUCT = YES;
			};
			name = Release;
		};
		D1203D4628FF875E004FE6CC /* Debug */ = {
			isa = XCBuildConfiguration;
			buildSettings = {
				ASSETCATALOG_COMPILER_APPICON_NAME = AppIcon;
				ASSETCATALOG_COMPILER_GLOBAL_ACCENT_COLOR_NAME = AccentColor;
				CODE_SIGN_STYLE = Automatic;
				CURRENT_PROJECT_VERSION = 1;
				DEVELOPMENT_TEAM = YUJ28KYKT3;
				GENERATE_INFOPLIST_FILE = YES;
				INFOPLIST_FILE = TransitarEntreTelasExercicio/Info.plist;
				INFOPLIST_KEY_UIApplicationSupportsIndirectInputEvents = YES;
				INFOPLIST_KEY_UILaunchStoryboardName = LaunchScreen;
				INFOPLIST_KEY_UIMainStoryboardFile = Main;
				INFOPLIST_KEY_UISupportedInterfaceOrientations_iPad = "UIInterfaceOrientationPortrait UIInterfaceOrientationPortraitUpsideDown UIInterfaceOrientationLandscapeLeft UIInterfaceOrientationLandscapeRight";
				INFOPLIST_KEY_UISupportedInterfaceOrientations_iPhone = "UIInterfaceOrientationPortrait UIInterfaceOrientationLandscapeLeft UIInterfaceOrientationLandscapeRight";
				LD_RUNPATH_SEARCH_PATHS = (
					"$(inherited)",
					"@executable_path/Frameworks",
				);
				MARKETING_VERSION = 1.0;
				PRODUCT_BUNDLE_IDENTIFIER = ronaldoribeiro.TransitarEntreTelasExercicio;
				PRODUCT_NAME = "$(TARGET_NAME)";
				SWIFT_EMIT_LOC_STRINGS = YES;
				SWIFT_VERSION = 5.0;
				TARGETED_DEVICE_FAMILY = "1,2";
			};
			name = Debug;
		};
		D1203D4728FF875E004FE6CC /* Release */ = {
			isa = XCBuildConfiguration;
			buildSettings = {
				ASSETCATALOG_COMPILER_APPICON_NAME = AppIcon;
				ASSETCATALOG_COMPILER_GLOBAL_ACCENT_COLOR_NAME = AccentColor;
				CODE_SIGN_STYLE = Automatic;
				CURRENT_PROJECT_VERSION = 1;
				DEVELOPMENT_TEAM = YUJ28KYKT3;
				GENERATE_INFOPLIST_FILE = YES;
				INFOPLIST_FILE = TransitarEntreTelasExercicio/Info.plist;
				INFOPLIST_KEY_UIApplicationSupportsIndirectInputEvents = YES;
				INFOPLIST_KEY_UILaunchStoryboardName = LaunchScreen;
				INFOPLIST_KEY_UIMainStoryboardFile = Main;
				INFOPLIST_KEY_UISupportedInterfaceOrientations_iPad = "UIInterfaceOrientationPortrait UIInterfaceOrientationPortraitUpsideDown UIInterfaceOrientationLandscapeLeft UIInterfaceOrientationLandscapeRight";
				INFOPLIST_KEY_UISupportedInterfaceOrientations_iPhone = "UIInterfaceOrientationPortrait UIInterfaceOrientationLandscapeLeft UIInterfaceOrientationLandscapeRight";
				LD_RUNPATH_SEARCH_PATHS = (
					"$(inherited)",
					"@executable_path/Frameworks",
				);
				MARKETING_VERSION = 1.0;
				PRODUCT_BUNDLE_IDENTIFIER = ronaldoribeiro.TransitarEntreTelasExercicio;
				PRODUCT_NAME = "$(TARGET_NAME)";
				SWIFT_EMIT_LOC_STRINGS = YES;
				SWIFT_VERSION = 5.0;
				TARGETED_DEVICE_FAMILY = "1,2";
			};
			name = Release;
		};
/* End XCBuildConfiguration section */

/* Begin XCConfigurationList section */
		D1203D2C28FF875C004FE6CC /* Build configuration list for PBXProject "TransitarEntreTelasExercicio" */ = {
			isa = XCConfigurationList;
			buildConfigurations = (
				D1203D4328FF875E004FE6CC /* Debug */,
				D1203D4428FF875E004FE6CC /* Release */,
			);
			defaultConfigurationIsVisible = 0;
			defaultConfigurationName = Release;
		};
		D1203D4528FF875E004FE6CC /* Build configuration list for PBXNativeTarget "TransitarEntreTelasExercicio" */ = {
			isa = XCConfigurationList;
			buildConfigurations = (
				D1203D4628FF875E004FE6CC /* Debug */,
				D1203D4728FF875E004FE6CC /* Release */,
			);
			defaultConfigurationIsVisible = 0;
			defaultConfigurationName = Release;
		};
/* End XCConfigurationList section */
	};
	rootObject = D1203D2928FF875C004FE6CC /* Project object */;
}
