// !$*UTF8*$!
{
	archiveVersion = 1;
	classes = {
	};
	objectVersion = 56;
	objects = {

/* Begin PBXBuildFile section */
		D15AF014290A11B900DF875C /* AppDelegate.swift in Sources */ = {isa = PBXBuildFile; fileRef = D15AF013290A11B900DF875C /* AppDelegate.swift */; };
		D15AF016290A11B900DF875C /* SceneDelegate.swift in Sources */ = {isa = PBXBuildFile; fileRef = D15AF015290A11B900DF875C /* SceneDelegate.swift */; };
		D15AF018290A11B900DF875C /* ViewController.swift in Sources */ = {isa = PBXBuildFile; fileRef = D15AF017290A11B900DF875C /* ViewController.swift */; };
		D15AF01B290A11B900DF875C /* Main.storyboard in Resources */ = {isa = PBXBuildFile; fileRef = D15AF019290A11B900DF875C /* Main.storyboard */; };
		D15AF01D290A11BB00DF875C /* Assets.xcassets in Resources */ = {isa = PBXBuildFile; fileRef = D15AF01C290A11BB00DF875C /* Assets.xcassets */; };
		D15AF020290A11BB00DF875C /* LaunchScreen.storyboard in Resources */ = {isa = PBXBuildFile; fileRef = D15AF01E290A11BB00DF875C /* LaunchScreen.storyboard */; };
		D15AF02A290A169500DF875C /* CustomTableViewCell.swift in Sources */ = {isa = PBXBuildFile; fileRef = D15AF028290A169500DF875C /* CustomTableViewCell.swift */; };
		D15AF02B290A169500DF875C /* CustomTableViewCell.xib in Resources */ = {isa = PBXBuildFile; fileRef = D15AF029290A169500DF875C /* CustomTableViewCell.xib */; };
/* End PBXBuildFile section */

/* Begin PBXFileReference section */
		D15AF010290A11B900DF875C /* ProjetoTableViewJornadaBF.app */ = {isa = PBXFileReference; explicitFileType = wrapper.application; includeInIndex = 0; path = ProjetoTableViewJornadaBF.app; sourceTree = BUILT_PRODUCTS_DIR; };
		D15AF013290A11B900DF875C /* AppDelegate.swift */ = {isa = PBXFileReference; lastKnownFileType = sourcecode.swift; path = AppDelegate.swift; sourceTree = "<group>"; };
		D15AF015290A11B900DF875C /* SceneDelegate.swift */ = {isa = PBXFileReference; lastKnownFileType = sourcecode.swift; path = SceneDelegate.swift; sourceTree = "<group>"; };
		D15AF017290A11B900DF875C /* ViewController.swift */ = {isa = PBXFileReference; lastKnownFileType = sourcecode.swift; path = ViewController.swift; sourceTree = "<group>"; };
		D15AF01A290A11B900DF875C /* Base */ = {isa = PBXFileReference; lastKnownFileType = file.storyboard; name = Base; path = Base.lproj/Main.storyboard; sourceTree = "<group>"; };
		D15AF01C290A11BB00DF875C /* Assets.xcassets */ = {isa = PBXFileReference; lastKnownFileType = folder.assetcatalog; path = Assets.xcassets; sourceTree = "<group>"; };
		D15AF01F290A11BB00DF875C /* Base */ = {isa = PBXFileReference; lastKnownFileType = file.storyboard; name = Base; path = Base.lproj/LaunchScreen.storyboard; sourceTree = "<group>"; };
		D15AF021290A11BB00DF875C /* Info.plist */ = {isa = PBXFileReference; lastKnownFileType = text.plist.xml; path = Info.plist; sourceTree = "<group>"; };
		D15AF028290A169500DF875C /* CustomTableViewCell.swift */ = {isa = PBXFileReference; lastKnownFileType = sourcecode.swift; path = CustomTableViewCell.swift; sourceTree = "<group>"; };
		D15AF029290A169500DF875C /* CustomTableViewCell.xib */ = {isa = PBXFileReference; lastKnownFileType = file.xib; path = CustomTableViewCell.xib; sourceTree = "<group>"; };
/* End PBXFileReference section */

/* Begin PBXFrameworksBuildPhase section */
		D15AF00D290A11B900DF875C /* Frameworks */ = {
			isa = PBXFrameworksBuildPhase;
			buildActionMask = 2147483647;
			files = (
			);
			runOnlyForDeploymentPostprocessing = 0;
		};
/* End PBXFrameworksBuildPhase section */

/* Begin PBXGroup section */
		D15AF007290A11B900DF875C = {
			isa = PBXGroup;
			children = (
				D15AF012290A11B900DF875C /* ProjetoTableViewJornadaBF */,
				D15AF011290A11B900DF875C /* Products */,
			);
			sourceTree = "<group>";
		};
		D15AF011290A11B900DF875C /* Products */ = {
			isa = PBXGroup;
			children = (
				D15AF010290A11B900DF875C /* ProjetoTableViewJornadaBF.app */,
			);
			name = Products;
			sourceTree = "<group>";
		};
		D15AF012290A11B900DF875C /* ProjetoTableViewJornadaBF */ = {
			isa = PBXGroup;
			children = (
				D15AF027290A164A00DF875C /* UITableViewCell */,
				D15AF013290A11B900DF875C /* AppDelegate.swift */,
				D15AF015290A11B900DF875C /* SceneDelegate.swift */,
				D15AF017290A11B900DF875C /* ViewController.swift */,
				D15AF019290A11B900DF875C /* Main.storyboard */,
				D15AF01C290A11BB00DF875C /* Assets.xcassets */,
				D15AF01E290A11BB00DF875C /* LaunchScreen.storyboard */,
				D15AF021290A11BB00DF875C /* Info.plist */,
			);
			path = ProjetoTableViewJornadaBF;
			sourceTree = "<group>";
		};
		D15AF027290A164A00DF875C /* UITableViewCell */ = {
			isa = PBXGroup;
			children = (
				D15AF028290A169500DF875C /* CustomTableViewCell.swift */,
				D15AF029290A169500DF875C /* CustomTableViewCell.xib */,
			);
			path = UITableViewCell;
			sourceTree = "<group>";
		};
/* End PBXGroup section */

/* Begin PBXNativeTarget section */
		D15AF00F290A11B900DF875C /* ProjetoTableViewJornadaBF */ = {
			isa = PBXNativeTarget;
			buildConfigurationList = D15AF024290A11BB00DF875C /* Build configuration list for PBXNativeTarget "ProjetoTableViewJornadaBF" */;
			buildPhases = (
				D15AF00C290A11B900DF875C /* Sources */,
				D15AF00D290A11B900DF875C /* Frameworks */,
				D15AF00E290A11B900DF875C /* Resources */,
			);
			buildRules = (
			);
			dependencies = (
			);
			name = ProjetoTableViewJornadaBF;
			productName = ProjetoTableViewJornadaBF;
			productReference = D15AF010290A11B900DF875C /* ProjetoTableViewJornadaBF.app */;
			productType = "com.apple.product-type.application";
		};
/* End PBXNativeTarget section */

/* Begin PBXProject section */
		D15AF008290A11B900DF875C /* Project object */ = {
			isa = PBXProject;
			attributes = {
				BuildIndependentTargetsInParallel = 1;
				LastSwiftUpdateCheck = 1400;
				LastUpgradeCheck = 1400;
				TargetAttributes = {
					D15AF00F290A11B900DF875C = {
						CreatedOnToolsVersion = 14.0.1;
					};
				};
			};
			buildConfigurationList = D15AF00B290A11B900DF875C /* Build configuration list for PBXProject "ProjetoTableViewJornadaBF" */;
			compatibilityVersion = "Xcode 14.0";
			developmentRegion = en;
			hasScannedForEncodings = 0;
			knownRegions = (
				en,
				Base,
			);
			mainGroup = D15AF007290A11B900DF875C;
			productRefGroup = D15AF011290A11B900DF875C /* Products */;
			projectDirPath = "";
			projectRoot = "";
			targets = (
				D15AF00F290A11B900DF875C /* ProjetoTableViewJornadaBF */,
			);
		};
/* End PBXProject section */

/* Begin PBXResourcesBuildPhase section */
		D15AF00E290A11B900DF875C /* Resources */ = {
			isa = PBXResourcesBuildPhase;
			buildActionMask = 2147483647;
			files = (
				D15AF020290A11BB00DF875C /* LaunchScreen.storyboard in Resources */,
				D15AF01D290A11BB00DF875C /* Assets.xcassets in Resources */,
				D15AF02B290A169500DF875C /* CustomTableViewCell.xib in Resources */,
				D15AF01B290A11B900DF875C /* Main.storyboard in Resources */,
			);
			runOnlyForDeploymentPostprocessing = 0;
		};
/* End PBXResourcesBuildPhase section */

/* Begin PBXSourcesBuildPhase section */
		D15AF00C290A11B900DF875C /* Sources */ = {
			isa = PBXSourcesBuildPhase;
			buildActionMask = 2147483647;
			files = (
				D15AF018290A11B900DF875C /* ViewController.swift in Sources */,
				D15AF014290A11B900DF875C /* AppDelegate.swift in Sources */,
				D15AF02A290A169500DF875C /* CustomTableViewCell.swift in Sources */,
				D15AF016290A11B900DF875C /* SceneDelegate.swift in Sources */,
			);
			runOnlyForDeploymentPostprocessing = 0;
		};
/* End PBXSourcesBuildPhase section */

/* Begin PBXVariantGroup section */
		D15AF019290A11B900DF875C /* Main.storyboard */ = {
			isa = PBXVariantGroup;
			children = (
				D15AF01A290A11B900DF875C /* Base */,
			);
			name = Main.storyboard;
			sourceTree = "<group>";
		};
		D15AF01E290A11BB00DF875C /* LaunchScreen.storyboard */ = {
			isa = PBXVariantGroup;
			children = (
				D15AF01F290A11BB00DF875C /* Base */,
			);
			name = LaunchScreen.storyboard;
			sourceTree = "<group>";
		};
/* End PBXVariantGroup section */

/* Begin XCBuildConfiguration section */
		D15AF022290A11BB00DF875C /* Debug */ = {
			isa = XCBuildConfiguration;
			buildSettings = {
				ALWAYS_SEARCH_USER_PATHS = NO;
				CLANG_ANALYZER_NONNULL = YES;
				CLANG_ANALYZER_NUMBER_OBJECT_CONVERSION = YES_AGGRESSIVE;
				CLANG_CXX_LANGUAGE_STANDARD = "gnu++20";
				CLANG_ENABLE_MODULES = YES;
				CLANG_ENABLE_OBJC_ARC = YES;
				CLANG_ENABLE_OBJC_WEAK = YES;
				CLANG_WARN_BLOCK_CAPTURE_AUTORELEASING = YES;
				CLANG_WARN_BOOL_CONVERSION = YES;
				CLANG_WARN_COMMA = YES;
				CLANG_WARN_CONSTANT_CONVERSION = YES;
				CLANG_WARN_DEPRECATED_OBJC_IMPLEMENTATIONS = YES;
				CLANG_WARN_DIRECT_OBJC_ISA_USAGE = YES_ERROR;
				CLANG_WARN_DOCUMENTATION_COMMENTS = YES;
				CLANG_WARN_EMPTY_BODY = YES;
				CLANG_WARN_ENUM_CONVERSION = YES;
				CLANG_WARN_INFINITE_RECURSION = YES;
				CLANG_WARN_INT_CONVERSION = YES;
				CLANG_WARN_NON_LITERAL_NULL_CONVERSION = YES;
				CLANG_WARN_OBJC_IMPLICIT_RETAIN_SELF = YES;
				CLANG_WARN_OBJC_LITERAL_CONVERSION = YES;
				CLANG_WARN_OBJC_ROOT_CLASS = YES_ERROR;
				CLANG_WARN_QUOTED_INCLUDE_IN_FRAMEWORK_HEADER = YES;
				CLANG_WARN_RANGE_LOOP_ANALYSIS = YES;
				CLANG_WARN_STRICT_PROTOTYPES = YES;
				CLANG_WARN_SUSPICIOUS_MOVE = YES;
				CLANG_WARN_UNGUARDED_AVAILABILITY = YES_AGGRESSIVE;
				CLANG_WARN_UNREACHABLE_CODE = YES;
				CLANG_WARN__DUPLICATE_METHOD_MATCH = YES;
				COPY_PHASE_STRIP = NO;
				DEBUG_INFORMATION_FORMAT = dwarf;
				ENABLE_STRICT_OBJC_MSGSEND = YES;
				ENABLE_TESTABILITY = YES;
				GCC_C_LANGUAGE_STANDARD = gnu11;
				GCC_DYNAMIC_NO_PIC = NO;
				GCC_NO_COMMON_BLOCKS = YES;
				GCC_OPTIMIZATION_LEVEL = 0;
				GCC_PREPROCESSOR_DEFINITIONS = (
					"DEBUG=1",
					"$(inherited)",
				);
				GCC_WARN_64_TO_32_BIT_CONVERSION = YES;
				GCC_WARN_ABOUT_RETURN_TYPE = YES_ERROR;
				GCC_WARN_UNDECLARED_SELECTOR = YES;
				GCC_WARN_UNINITIALIZED_AUTOS = YES_AGGRESSIVE;
				GCC_WARN_UNUSED_FUNCTION = YES;
				GCC_WARN_UNUSED_VARIABLE = YES;
				IPHONEOS_DEPLOYMENT_TARGET = 16.0;
				MTL_ENABLE_DEBUG_INFO = INCLUDE_SOURCE;
				MTL_FAST_MATH = YES;
				ONLY_ACTIVE_ARCH = YES;
				SDKROOT = iphoneos;
				SWIFT_ACTIVE_COMPILATION_CONDITIONS = DEBUG;
				SWIFT_OPTIMIZATION_LEVEL = "-Onone";
			};
			name = Debug;
		};
		D15AF023290A11BB00DF875C /* Release */ = {
			isa = XCBuildConfiguration;
			buildSettings = {
				ALWAYS_SEARCH_USER_PATHS = NO;
				CLANG_ANALYZER_NONNULL = YES;
				CLANG_ANALYZER_NUMBER_OBJECT_CONVERSION = YES_AGGRESSIVE;
				CLANG_CXX_LANGUAGE_STANDARD = "gnu++20";
				CLANG_ENABLE_MODULES = YES;
				CLANG_ENABLE_OBJC_ARC = YES;
				CLANG_ENABLE_OBJC_WEAK = YES;
				CLANG_WARN_BLOCK_CAPTURE_AUTORELEASING = YES;
				CLANG_WARN_BOOL_CONVERSION = YES;
				CLANG_WARN_COMMA = YES;
				CLANG_WARN_CONSTANT_CONVERSION = YES;
				CLANG_WARN_DEPRECATED_OBJC_IMPLEMENTATIONS = YES;
				CLANG_WARN_DIRECT_OBJC_ISA_USAGE = YES_ERROR;
				CLANG_WARN_DOCUMENTATION_COMMENTS = YES;
				CLANG_WARN_EMPTY_BODY = YES;
				CLANG_WARN_ENUM_CONVERSION = YES;
				CLANG_WARN_INFINITE_RECURSION = YES;
				CLANG_WARN_INT_CONVERSION = YES;
				CLANG_WARN_NON_LITERAL_NULL_CONVERSION = YES;
				CLANG_WARN_OBJC_IMPLICIT_RETAIN_SELF = YES;
				CLANG_WARN_OBJC_LITERAL_CONVERSION = YES;
				CLANG_WARN_OBJC_ROOT_CLASS = YES_ERROR;
				CLANG_WARN_QUOTED_INCLUDE_IN_FRAMEWORK_HEADER = YES;
				CLANG_WARN_RANGE_LOOP_ANALYSIS = YES;
				CLANG_WARN_STRICT_PROTOTYPES = YES;
				CLANG_WARN_SUSPICIOUS_MOVE = YES;
				CLANG_WARN_UNGUARDED_AVAILABILITY = YES_AGGRESSIVE;
				CLANG_WARN_UNREACHABLE_CODE = YES;
				CLANG_WARN__DUPLICATE_METHOD_MATCH = YES;
				COPY_PHASE_STRIP = NO;
				DEBUG_INFORMATION_FORMAT = "dwarf-with-dsym";
				ENABLE_NS_ASSERTIONS = NO;
				ENABLE_STRICT_OBJC_MSGSEND = YES;
				GCC_C_LANGUAGE_STANDARD = gnu11;
				GCC_NO_COMMON_BLOCKS = YES;
				GCC_WARN_64_TO_32_BIT_CONVERSION = YES;
				GCC_WARN_ABOUT_RETURN_TYPE = YES_ERROR;
				GCC_WARN_UNDECLARED_SELECTOR = YES;
				GCC_WARN_UNINITIALIZED_AUTOS = YES_AGGRESSIVE;
				GCC_WARN_UNUSED_FUNCTION = YES;
				GCC_WARN_UNUSED_VARIABLE = YES;
				IPHONEOS_DEPLOYMENT_TARGET = 16.0;
				MTL_ENABLE_DEBUG_INFO = NO;
				MTL_FAST_MATH = YES;
				SDKROOT = iphoneos;
				SWIFT_COMPILATION_MODE = wholemodule;
				SWIFT_OPTIMIZATION_LEVEL = "-O";
				VALIDATE_PRODUCT = YES;
			};
			name = Release;
		};
		D15AF025290A11BB00DF875C /* Debug */ = {
			isa = XCBuildConfiguration;
			buildSettings = {
				ASSETCATALOG_COMPILER_APPICON_NAME = AppIcon;
				ASSETCATALOG_COMPILER_GLOBAL_ACCENT_COLOR_NAME = AccentColor;
				CODE_SIGN_STYLE = Automatic;
				CURRENT_PROJECT_VERSION = 1;
				DEVELOPMENT_TEAM = YUJ28KYKT3;
				GENERATE_INFOPLIST_FILE = YES;
				INFOPLIST_FILE = ProjetoTableViewJornadaBF/Info.plist;
				INFOPLIST_KEY_UIApplicationSupportsIndirectInputEvents = YES;
				INFOPLIST_KEY_UILaunchStoryboardName = LaunchScreen;
				INFOPLIST_KEY_UIMainStoryboardFile = Main;
				INFOPLIST_KEY_UISupportedInterfaceOrientations_iPad = "UIInterfaceOrientationPortrait UIInterfaceOrientationPortraitUpsideDown UIInterfaceOrientationLandscapeLeft UIInterfaceOrientationLandscapeRight";
				INFOPLIST_KEY_UISupportedInterfaceOrientations_iPhone = "UIInterfaceOrientationPortrait UIInterfaceOrientationLandscapeLeft UIInterfaceOrientationLandscapeRight";
				LD_RUNPATH_SEARCH_PATHS = (
					"$(inherited)",
					"@executable_path/Frameworks",
				);
				MARKETING_VERSION = 1.0;
				PRODUCT_BUNDLE_IDENTIFIER = ronaldoribeiro.ProjetoTableViewJornadaBF;
				PRODUCT_NAME = "$(TARGET_NAME)";
				SWIFT_EMIT_LOC_STRINGS = YES;
				SWIFT_VERSION = 5.0;
				TARGETED_DEVICE_FAMILY = "1,2";
			};
			name = Debug;
		};
		D15AF026290A11BB00DF875C /* Release */ = {
			isa = XCBuildConfiguration;
			buildSettings = {
				ASSETCATALOG_COMPILER_APPICON_NAME = AppIcon;
				ASSETCATALOG_COMPILER_GLOBAL_ACCENT_COLOR_NAME = AccentColor;
				CODE_SIGN_STYLE = Automatic;
				CURRENT_PROJECT_VERSION = 1;
				DEVELOPMENT_TEAM = YUJ28KYKT3;
				GENERATE_INFOPLIST_FILE = YES;
				INFOPLIST_FILE = ProjetoTableViewJornadaBF/Info.plist;
				INFOPLIST_KEY_UIApplicationSupportsIndirectInputEvents = YES;
				INFOPLIST_KEY_UILaunchStoryboardName = LaunchScreen;
				INFOPLIST_KEY_UIMainStoryboardFile = Main;
				INFOPLIST_KEY_UISupportedInterfaceOrientations_iPad = "UIInterfaceOrientationPortrait UIInterfaceOrientationPortraitUpsideDown UIInterfaceOrientationLandscapeLeft UIInterfaceOrientationLandscapeRight";
				INFOPLIST_KEY_UISupportedInterfaceOrientations_iPhone = "UIInterfaceOrientationPortrait UIInterfaceOrientationLandscapeLeft UIInterfaceOrientationLandscapeRight";
				LD_RUNPATH_SEARCH_PATHS = (
					"$(inherited)",
					"@executable_path/Frameworks",
				);
				MARKETING_VERSION = 1.0;
				PRODUCT_BUNDLE_IDENTIFIER = ronaldoribeiro.ProjetoTableViewJornadaBF;
				PRODUCT_NAME = "$(TARGET_NAME)";
				SWIFT_EMIT_LOC_STRINGS = YES;
				SWIFT_VERSION = 5.0;
				TARGETED_DEVICE_FAMILY = "1,2";
			};
			name = Release;
		};
/* End XCBuildConfiguration section */

/* Begin XCConfigurationList section */
		D15AF00B290A11B900DF875C /* Build configuration list for PBXProject "ProjetoTableViewJornadaBF" */ = {
			isa = XCConfigurationList;
			buildConfigurations = (
				D15AF022290A11BB00DF875C /* Debug */,
				D15AF023290A11BB00DF875C /* Release */,
			);
			defaultConfigurationIsVisible = 0;
			defaultConfigurationName = Release;
		};
		D15AF024290A11BB00DF875C /* Build configuration list for PBXNativeTarget "ProjetoTableViewJornadaBF" */ = {
			isa = XCConfigurationList;
			buildConfigurations = (
				D15AF025290A11BB00DF875C /* Debug */,
				D15AF026290A11BB00DF875C /* Release */,
			);
			defaultConfigurationIsVisible = 0;
			defaultConfigurationName = Release;
		};
/* End XCConfigurationList section */
	};
	rootObject = D15AF008290A11B900DF875C /* Project object */;
}
